// !$*UTF8*$!
{
	archiveVersion = 1;
	classes = {
	};
	objectVersion = 50;
	objects = {

/* Begin PBXBuildFile section */
		DB742354213D1559001D85CF /* AppDelegate.swift in Sources */ = {isa = PBXBuildFile; fileRef = DB742353213D1559001D85CF /* AppDelegate.swift */; };
		DB742356213D1559001D85CF /* ViewController.swift in Sources */ = {isa = PBXBuildFile; fileRef = DB742355213D1559001D85CF /* ViewController.swift */; };
		DB742359213D1559001D85CF /* Main.storyboard in Resources */ = {isa = PBXBuildFile; fileRef = DB742357213D1559001D85CF /* Main.storyboard */; };
		DB74235B213D155A001D85CF /* Assets.xcassets in Resources */ = {isa = PBXBuildFile; fileRef = DB74235A213D155A001D85CF /* Assets.xcassets */; };
		DB74235E213D155A001D85CF /* LaunchScreen.storyboard in Resources */ = {isa = PBXBuildFile; fileRef = DB74235C213D155A001D85CF /* LaunchScreen.storyboard */; };
		DB742369213D155A001D85CF /* PassDataUsingSegueTests.swift in Sources */ = {isa = PBXBuildFile; fileRef = DB742368213D155A001D85CF /* PassDataUsingSegueTests.swift */; };
/* End PBXBuildFile section */

/* Begin PBXContainerItemProxy section */
		DB742365213D155A001D85CF /* PBXContainerItemProxy */ = {
			isa = PBXContainerItemProxy;
			containerPortal = DB742348213D1559001D85CF /* Project object */;
			proxyType = 1;
			remoteGlobalIDString = DB74234F213D1559001D85CF;
			remoteInfo = PassDataUsingSegue;
		};
/* End PBXContainerItemProxy section */

/* Begin PBXFileReference section */
		DB742350213D1559001D85CF /* PassDataUsingSegue.app */ = {isa = PBXFileReference; explicitFileType = wrapper.application; includeInIndex = 0; path = PassDataUsingSegue.app; sourceTree = BUILT_PRODUCTS_DIR; };
		DB742353213D1559001D85CF /* AppDelegate.swift */ = {isa = PBXFileReference; lastKnownFileType = sourcecode.swift; path = AppDelegate.swift; sourceTree = "<group>"; };
		DB742355213D1559001D85CF /* ViewController.swift */ = {isa = PBXFileReference; lastKnownFileType = sourcecode.swift; path = ViewController.swift; sourceTree = "<group>"; };
		DB742358213D1559001D85CF /* Base */ = {isa = PBXFileReference; lastKnownFileType = file.storyboard; name = Base; path = Base.lproj/Main.storyboard; sourceTree = "<group>"; };
		DB74235A213D155A001D85CF /* Assets.xcassets */ = {isa = PBXFileReference; lastKnownFileType = folder.assetcatalog; path = Assets.xcassets; sourceTree = "<group>"; };
		DB74235D213D155A001D85CF /* Base */ = {isa = PBXFileReference; lastKnownFileType = file.storyboard; name = Base; path = Base.lproj/LaunchScreen.storyboard; sourceTree = "<group>"; };
		DB74235F213D155A001D85CF /* Info.plist */ = {isa = PBXFileReference; lastKnownFileType = text.plist.xml; path = Info.plist; sourceTree = "<group>"; };
		DB742364213D155A001D85CF /* PassDataUsingSegueTests.xctest */ = {isa = PBXFileReference; explicitFileType = wrapper.cfbundle; includeInIndex = 0; path = PassDataUsingSegueTests.xctest; sourceTree = BUILT_PRODUCTS_DIR; };
		DB742368213D155A001D85CF /* PassDataUsingSegueTests.swift */ = {isa = PBXFileReference; lastKnownFileType = sourcecode.swift; path = PassDataUsingSegueTests.swift; sourceTree = "<group>"; };
		DB74236A213D155A001D85CF /* Info.plist */ = {isa = PBXFileReference; lastKnownFileType = text.plist.xml; path = Info.plist; sourceTree = "<group>"; };
/* End PBXFileReference section */

/* Begin PBXFrameworksBuildPhase section */
		DB74234D213D1559001D85CF /* Frameworks */ = {
			isa = PBXFrameworksBuildPhase;
			buildActionMask = 2147483647;
			files = (
			);
			runOnlyForDeploymentPostprocessing = 0;
		};
		DB742361213D155A001D85CF /* Frameworks */ = {
			isa = PBXFrameworksBuildPhase;
			buildActionMask = 2147483647;
			files = (
			);
			runOnlyForDeploymentPostprocessing = 0;
		};
/* End PBXFrameworksBuildPhase section */

/* Begin PBXGroup section */
		DB742347213D1559001D85CF = {
			isa = PBXGroup;
			children = (
				DB742352213D1559001D85CF /* PassDataUsingSegue */,
				DB742367213D155A001D85CF /* PassDataUsingSegueTests */,
				DB742351213D1559001D85CF /* Products */,
			);
			sourceTree = "<group>";
		};
		DB742351213D1559001D85CF /* Products */ = {
			isa = PBXGroup;
			children = (
				DB742350213D1559001D85CF /* PassDataUsingSegue.app */,
				DB742364213D155A001D85CF /* PassDataUsingSegueTests.xctest */,
			);
			name = Products;
			sourceTree = "<group>";
		};
		DB742352213D1559001D85CF /* PassDataUsingSegue */ = {
			isa = PBXGroup;
			children = (
				DB742353213D1559001D85CF /* AppDelegate.swift */,
				DB742355213D1559001D85CF /* ViewController.swift */,
				DB742357213D1559001D85CF /* Main.storyboard */,
				DB74235A213D155A001D85CF /* Assets.xcassets */,
				DB74235C213D155A001D85CF /* LaunchScreen.storyboard */,
				DB74235F213D155A001D85CF /* Info.plist */,
			);
			path = PassDataUsingSegue;
			sourceTree = "<group>";
		};
		DB742367213D155A001D85CF /* PassDataUsingSegueTests */ = {
			isa = PBXGroup;
			children = (
				DB742368213D155A001D85CF /* PassDataUsingSegueTests.swift */,
				DB74236A213D155A001D85CF /* Info.plist */,
			);
			path = PassDataUsingSegueTests;
			sourceTree = "<group>";
		};
/* End PBXGroup section */

/* Begin PBXNativeTarget section */
		DB74234F213D1559001D85CF /* PassDataUsingSegue */ = {
			isa = PBXNativeTarget;
			buildConfigurationList = DB74236D213D155A001D85CF /* Build configuration list for PBXNativeTarget "PassDataUsingSegue" */;
			buildPhases = (
				DB74234C213D1559001D85CF /* Sources */,
				DB74234D213D1559001D85CF /* Frameworks */,
				DB74234E213D1559001D85CF /* Resources */,
			);
			buildRules = (
			);
			dependencies = (
			);
			name = PassDataUsingSegue;
			productName = PassDataUsingSegue;
			productReference = DB742350213D1559001D85CF /* PassDataUsingSegue.app */;
			productType = "com.apple.product-type.application";
		};
		DB742363213D155A001D85CF /* PassDataUsingSegueTests */ = {
			isa = PBXNativeTarget;
			buildConfigurationList = DB742370213D155A001D85CF /* Build configuration list for PBXNativeTarget "PassDataUsingSegueTests" */;
			buildPhases = (
				DB742360213D155A001D85CF /* Sources */,
				DB742361213D155A001D85CF /* Frameworks */,
				DB742362213D155A001D85CF /* Resources */,
			);
			buildRules = (
			);
			dependencies = (
				DB742366213D155A001D85CF /* PBXTargetDependency */,
			);
			name = PassDataUsingSegueTests;
			productName = PassDataUsingSegueTests;
			productReference = DB742364213D155A001D85CF /* PassDataUsingSegueTests.xctest */;
			productType = "com.apple.product-type.bundle.unit-test";
		};
/* End PBXNativeTarget section */

/* Begin PBXProject section */
		DB742348213D1559001D85CF /* Project object */ = {
			isa = PBXProject;
			attributes = {
				LastSwiftUpdateCheck = 0940;
				LastUpgradeCheck = 0940;
				ORGANIZATIONNAME = "Ta Minh Tu";
				TargetAttributes = {
					DB74234F213D1559001D85CF = {
						CreatedOnToolsVersion = 9.4.1;
					};
					DB742363213D155A001D85CF = {
						CreatedOnToolsVersion = 9.4.1;
						TestTargetID = DB74234F213D1559001D85CF;
					};
				};
			};
			buildConfigurationList = DB74234B213D1559001D85CF /* Build configuration list for PBXProject "PassDataUsingSegue" */;
			compatibilityVersion = "Xcode 9.3";
			developmentRegion = en;
			hasScannedForEncodings = 0;
			knownRegions = (
				en,
				Base,
			);
			mainGroup = DB742347213D1559001D85CF;
			productRefGroup = DB742351213D1559001D85CF /* Products */;
			projectDirPath = "";
			projectRoot = "";
			targets = (
				DB74234F213D1559001D85CF /* PassDataUsingSegue */,
				DB742363213D155A001D85CF /* PassDataUsingSegueTests */,
			);
		};
/* End PBXProject section */

/* Begin PBXResourcesBuildPhase section */
		DB74234E213D1559001D85CF /* Resources */ = {
			isa = PBXResourcesBuildPhase;
			buildActionMask = 2147483647;
			files = (
				DB74235E213D155A001D85CF /* LaunchScreen.storyboard in Resources */,
				DB74235B213D155A001D85CF /* Assets.xcassets in Resources */,
				DB742359213D1559001D85CF /* Main.storyboard in Resources */,
			);
			runOnlyForDeploymentPostprocessing = 0;
		};
		DB742362213D155A001D85CF /* Resources */ = {
			isa = PBXResourcesBuildPhase;
			buildActionMask = 2147483647;
			files = (
			);
			runOnlyForDeploymentPostprocessing = 0;
		};
/* End PBXResourcesBuildPhase section */

/* Begin PBXSourcesBuildPhase section */
		DB74234C213D1559001D85CF /* Sources */ = {
			isa = PBXSourcesBuildPhase;
			buildActionMask = 2147483647;
			files = (
				DB742356213D1559001D85CF /* ViewController.swift in Sources */,
				DB742354213D1559001D85CF /* AppDelegate.swift in Sources */,
			);
			runOnlyForDeploymentPostprocessing = 0;
		};
		DB742360213D155A001D85CF /* Sources */ = {
			isa = PBXSourcesBuildPhase;
			buildActionMask = 2147483647;
			files = (
				DB742369213D155A001D85CF /* PassDataUsingSegueTests.swift in Sources */,
			);
			runOnlyForDeploymentPostprocessing = 0;
		};
/* End PBXSourcesBuildPhase section */

/* Begin PBXTargetDependency section */
		DB742366213D155A001D85CF /* PBXTargetDependency */ = {
			isa = PBXTargetDependency;
			target = DB74234F213D1559001D85CF /* PassDataUsingSegue */;
			targetProxy = DB742365213D155A001D85CF /* PBXContainerItemProxy */;
		};
/* End PBXTargetDependency section */

/* Begin PBXVariantGroup section */
		DB742357213D1559001D85CF /* Main.storyboard */ = {
			isa = PBXVariantGroup;
			children = (
				DB742358213D1559001D85CF /* Base */,
			);
			name = Main.storyboard;
			sourceTree = "<group>";
		};
		DB74235C213D155A001D85CF /* LaunchScreen.storyboard */ = {
			isa = PBXVariantGroup;
			children = (
				DB74235D213D155A001D85CF /* Base */,
			);
			name = LaunchScreen.storyboard;
			sourceTree = "<group>";
		};
/* End PBXVariantGroup section */

/* Begin XCBuildConfiguration section */
		DB74236B213D155A001D85CF /* Debug */ = {
			isa = XCBuildConfiguration;
			buildSettings = {
				ALWAYS_SEARCH_USER_PATHS = NO;
				CLANG_ANALYZER_NONNULL = YES;
				CLANG_ANALYZER_NUMBER_OBJECT_CONVERSION = YES_AGGRESSIVE;
				CLANG_CXX_LANGUAGE_STANDARD = "gnu++14";
				CLANG_CXX_LIBRARY = "libc++";
				CLANG_ENABLE_MODULES = YES;
				CLANG_ENABLE_OBJC_ARC = YES;
				CLANG_ENABLE_OBJC_WEAK = YES;
				CLANG_WARN_BLOCK_CAPTURE_AUTORELEASING = YES;
				CLANG_WARN_BOOL_CONVERSION = YES;
				CLANG_WARN_COMMA = YES;
				CLANG_WARN_CONSTANT_CONVERSION = YES;
				CLANG_WARN_DEPRECATED_OBJC_IMPLEMENTATIONS = YES;
				CLANG_WARN_DIRECT_OBJC_ISA_USAGE = YES_ERROR;
				CLANG_WARN_DOCUMENTATION_COMMENTS = YES;
				CLANG_WARN_EMPTY_BODY = YES;
				CLANG_WARN_ENUM_CONVERSION = YES;
				CLANG_WARN_INFINITE_RECURSION = YES;
				CLANG_WARN_INT_CONVERSION = YES;
				CLANG_WARN_NON_LITERAL_NULL_CONVERSION = YES;
				CLANG_WARN_OBJC_IMPLICIT_RETAIN_SELF = YES;
				CLANG_WARN_OBJC_LITERAL_CONVERSION = YES;
				CLANG_WARN_OBJC_ROOT_CLASS = YES_ERROR;
				CLANG_WARN_RANGE_LOOP_ANALYSIS = YES;
				CLANG_WARN_STRICT_PROTOTYPES = YES;
				CLANG_WARN_SUSPICIOUS_MOVE = YES;
				CLANG_WARN_UNGUARDED_AVAILABILITY = YES_AGGRESSIVE;
				CLANG_WARN_UNREACHABLE_CODE = YES;
				CLANG_WARN__DUPLICATE_METHOD_MATCH = YES;
				CODE_SIGN_IDENTITY = "iPhone Developer";
				COPY_PHASE_STRIP = NO;
				DEBUG_INFORMATION_FORMAT = dwarf;
				ENABLE_STRICT_OBJC_MSGSEND = YES;
				ENABLE_TESTABILITY = YES;
				GCC_C_LANGUAGE_STANDARD = gnu11;
				GCC_DYNAMIC_NO_PIC = NO;
				GCC_NO_COMMON_BLOCKS = YES;
				GCC_OPTIMIZATION_LEVEL = 0;
				GCC_PREPROCESSOR_DEFINITIONS = (
					"DEBUG=1",
					"$(inherited)",
				);
				GCC_WARN_64_TO_32_BIT_CONVERSION = YES;
				GCC_WARN_ABOUT_RETURN_TYPE = YES_ERROR;
				GCC_WARN_UNDECLARED_SELECTOR = YES;
				GCC_WARN_UNINITIALIZED_AUTOS = YES_AGGRESSIVE;
				GCC_WARN_UNUSED_FUNCTION = YES;
				GCC_WARN_UNUSED_VARIABLE = YES;
				IPHONEOS_DEPLOYMENT_TARGET = 11.4;
				MTL_ENABLE_DEBUG_INFO = YES;
				ONLY_ACTIVE_ARCH = YES;
				SDKROOT = iphoneos;
				SWIFT_ACTIVE_COMPILATION_CONDITIONS = DEBUG;
				SWIFT_OPTIMIZATION_LEVEL = "-Onone";
			};
			name = Debug;
		};
		DB74236C213D155A001D85CF /* Release */ = {
			isa = XCBuildConfiguration;
			buildSettings = {
				ALWAYS_SEARCH_USER_PATHS = NO;
				CLANG_ANALYZER_NONNULL = YES;
				CLANG_ANALYZER_NUMBER_OBJECT_CONVERSION = YES_AGGRESSIVE;
				CLANG_CXX_LANGUAGE_STANDARD = "gnu++14";
				CLANG_CXX_LIBRARY = "libc++";
				CLANG_ENABLE_MODULES = YES;
				CLANG_ENABLE_OBJC_ARC = YES;
				CLANG_ENABLE_OBJC_WEAK = YES;
				CLANG_WARN_BLOCK_CAPTURE_AUTORELEASING = YES;
				CLANG_WARN_BOOL_CONVERSION = YES;
				CLANG_WARN_COMMA = YES;
				CLANG_WARN_CONSTANT_CONVERSION = YES;
				CLANG_WARN_DEPRECATED_OBJC_IMPLEMENTATIONS = YES;
				CLANG_WARN_DIRECT_OBJC_ISA_USAGE = YES_ERROR;
				CLANG_WARN_DOCUMENTATION_COMMENTS = YES;
				CLANG_WARN_EMPTY_BODY = YES;
				CLANG_WARN_ENUM_CONVERSION = YES;
				CLANG_WARN_INFINITE_RECURSION = YES;
				CLANG_WARN_INT_CONVERSION = YES;
				CLANG_WARN_NON_LITERAL_NULL_CONVERSION = YES;
				CLANG_WARN_OBJC_IMPLICIT_RETAIN_SELF = YES;
				CLANG_WARN_OBJC_LITERAL_CONVERSION = YES;
				CLANG_WARN_OBJC_ROOT_CLASS = YES_ERROR;
				CLANG_WARN_RANGE_LOOP_ANALYSIS = YES;
				CLANG_WARN_STRICT_PROTOTYPES = YES;
				CLANG_WARN_SUSPICIOUS_MOVE = YES;
				CLANG_WARN_UNGUARDED_AVAILABILITY = YES_AGGRESSIVE;
				CLANG_WARN_UNREACHABLE_CODE = YES;
				CLANG_WARN__DUPLICATE_METHOD_MATCH = YES;
				CODE_SIGN_IDENTITY = "iPhone Developer";
				COPY_PHASE_STRIP = NO;
				DEBUG_INFORMATION_FORMAT = "dwarf-with-dsym";
				ENABLE_NS_ASSERTIONS = NO;
				ENABLE_STRICT_OBJC_MSGSEND = YES;
				GCC_C_LANGUAGE_STANDARD = gnu11;
				GCC_NO_COMMON_BLOCKS = YES;
				GCC_WARN_64_TO_32_BIT_CONVERSION = YES;
				GCC_WARN_ABOUT_RETURN_TYPE = YES_ERROR;
				GCC_WARN_UNDECLARED_SELECTOR = YES;
				GCC_WARN_UNINITIALIZED_AUTOS = YES_AGGRESSIVE;
				GCC_WARN_UNUSED_FUNCTION = YES;
				GCC_WARN_UNUSED_VARIABLE = YES;
				IPHONEOS_DEPLOYMENT_TARGET = 11.4;
				MTL_ENABLE_DEBUG_INFO = NO;
				SDKROOT = iphoneos;
				SWIFT_COMPILATION_MODE = wholemodule;
				SWIFT_OPTIMIZATION_LEVEL = "-O";
				VALIDATE_PRODUCT = YES;
			};
			name = Release;
		};
		DB74236E213D155A001D85CF /* Debug */ = {
			isa = XCBuildConfiguration;
			buildSettings = {
				ASSETCATALOG_COMPILER_APPICON_NAME = AppIcon;
				CODE_SIGN_STYLE = Automatic;
				INFOPLIST_FILE = PassDataUsingSegue/Info.plist;
				LD_RUNPATH_SEARCH_PATHS = (
					"$(inherited)",
					"@executable_path/Frameworks",
				);
				PRODUCT_BUNDLE_IDENTIFIER = com.david.PassDataUsingSegue;
				PRODUCT_NAME = "$(TARGET_NAME)";
				SWIFT_VERSION = 4.0;
				TARGETED_DEVICE_FAMILY = "1,2";
			};
			name = Debug;
		};
		DB74236F213D155A001D85CF /* Release */ = {
			isa = XCBuildConfiguration;
			buildSettings = {
				ASSETCATALOG_COMPILER_APPICON_NAME = AppIcon;
				CODE_SIGN_STYLE = Automatic;
				INFOPLIST_FILE = PassDataUsingSegue/Info.plist;
				LD_RUNPATH_SEARCH_PATHS = (
					"$(inherited)",
					"@executable_path/Frameworks",
				);
				PRODUCT_BUNDLE_IDENTIFIER = com.david.PassDataUsingSegue;
				PRODUCT_NAME = "$(TARGET_NAME)";
				SWIFT_VERSION = 4.0;
				TARGETED_DEVICE_FAMILY = "1,2";
			};
			name = Release;
		};
		DB742371213D155A001D85CF /* Debug */ = {
			isa = XCBuildConfiguration;
			buildSettings = {
				ALWAYS_EMBED_SWIFT_STANDARD_LIBRARIES = YES;
				BUNDLE_LOADER = "$(TEST_HOST)";
				CODE_SIGN_STYLE = Automatic;
				INFOPLIST_FILE = PassDataUsingSegueTests/Info.plist;
				LD_RUNPATH_SEARCH_PATHS = (
					"$(inherited)",
					"@executable_path/Frameworks",
					"@loader_path/Frameworks",
				);
				PRODUCT_BUNDLE_IDENTIFIER = com.david.PassDataUsingSegueTests;
				PRODUCT_NAME = "$(TARGET_NAME)";
				SWIFT_VERSION = 4.0;
				TARGETED_DEVICE_FAMILY = "1,2";
				TEST_HOST = "$(BUILT_PRODUCTS_DIR)/PassDataUsingSegue.app/PassDataUsingSegue";
			};
			name = Debug;
		};
		DB742372213D155A001D85CF /* Release */ = {
			isa = XCBuildConfiguration;
			buildSettings = {
				ALWAYS_EMBED_SWIFT_STANDARD_LIBRARIES = YES;
				BUNDLE_LOADER = "$(TEST_HOST)";
				CODE_SIGN_STYLE = Automatic;
				INFOPLIST_FILE = PassDataUsingSegueTests/Info.plist;
				LD_RUNPATH_SEARCH_PATHS = (
					"$(inherited)",
					"@executable_path/Frameworks",
					"@loader_path/Frameworks",
				);
				PRODUCT_BUNDLE_IDENTIFIER = com.david.PassDataUsingSegueTests;
				PRODUCT_NAME = "$(TARGET_NAME)";
				SWIFT_VERSION = 4.0;
				TARGETED_DEVICE_FAMILY = "1,2";
				TEST_HOST = "$(BUILT_PRODUCTS_DIR)/PassDataUsingSegue.app/PassDataUsingSegue";
			};
			name = Release;
		};
/* End XCBuildConfiguration section */

/* Begin XCConfigurationList section */
		DB74234B213D1559001D85CF /* Build configuration list for PBXProject "PassDataUsingSegue" */ = {
			isa = XCConfigurationList;
			buildConfigurations = (
				DB74236B213D155A001D85CF /* Debug */,
				DB74236C213D155A001D85CF /* Release */,
			);
			defaultConfigurationIsVisible = 0;
			defaultConfigurationName = Release;
		};
		DB74236D213D155A001D85CF /* Build configuration list for PBXNativeTarget "PassDataUsingSegue" */ = {
			isa = XCConfigurationList;
			buildConfigurations = (
				DB74236E213D155A001D85CF /* Debug */,
				DB74236F213D155A001D85CF /* Release */,
			);
			defaultConfigurationIsVisible = 0;
			defaultConfigurationName = Release;
		};
		DB742370213D155A001D85CF /* Build configuration list for PBXNativeTarget "PassDataUsingSegueTests" */ = {
			isa = XCConfigurationList;
			buildConfigurations = (
				DB742371213D155A001D85CF /* Debug */,
				DB742372213D155A001D85CF /* Release */,
			);
			defaultConfigurationIsVisible = 0;
			defaultConfigurationName = Release;
		};
/* End XCConfigurationList section */
	};
	rootObject = DB742348213D1559001D85CF /* Project object */;
}
